
Microsoft Visual Studio Solution File, Format Version 12.00
# Visual Studio Version 18
VisualStudioVersion = 18.1.11312.151 d18.0
MinimumVisualStudioVersion = 10.0.40219.1
Project("{9A19103F-16F7-4668-BE54-9A1E7A4F7556}") = "HRApi", "HRSys\HRApi.csproj", "{CD663C57-F716-4727-ADE5-77E7A98D57E1}"
EndProject
Project("{9A19103F-16F7-4668-BE54-9A1E7A4F7556}") = "HRApiLibrary", "HRApiLibrary\HRApiLibrary.csproj", "{1C793EF1-33A7-4540-A18D-2386EDBAD5DD}"
EndProject
Project("{9A19103F-16F7-4668-BE54-9A1E7A4F7556}") = "HRMvc", "HRMvc\HRMvc.csproj", "{B91EB84C-AD66-422C-99AD-00EFFE872E4A}"
EndProject
Project("{9A19103F-16F7-4668-BE54-9A1E7A4F7556}") = "HRApiLibrary.Tests", "HRApiLibrary.Tests\HRApiLibrary.Tests.csproj", "{07179BBE-78B2-449D-BE72-C190A690ECE3}"
EndProject
Global
	GlobalSection(SolutionConfigurationPlatforms) = preSolution
		Debug|Any CPU = Debug|Any CPU
		Release|Any CPU = Release|Any CPU
	EndGlobalSection
	GlobalSection(ProjectConfigurationPlatforms) = postSolution
		{CD663C57-F716-4727-ADE5-77E7A98D57E1}.Debug|Any CPU.ActiveCfg = Debug|Any CPU
		{CD663C57-F716-4727-ADE5-77E7A98D57E1}.Debug|Any CPU.Build.0 = Debug|Any CPU
		{CD663C57-F716-4727-ADE5-77E7A98D57E1}.Release|Any CPU.ActiveCfg = Release|Any CPU
		{CD663C57-F716-4727-ADE5-77E7A98D57E1}.Release|Any CPU.Build.0 = Release|Any CPU
		{1C793EF1-33A7-4540-A18D-2386EDBAD5DD}.Debug|Any CPU.ActiveCfg = Debug|Any CPU
		{1C793EF1-33A7-4540-A18D-2386EDBAD5DD}.Debug|Any CPU.Build.0 = Debug|Any CPU
		{1C793EF1-33A7-4540-A18D-2386EDBAD5DD}.Release|Any CPU.ActiveCfg = Release|Any CPU
		{1C793EF1-33A7-4540-A18D-2386EDBAD5DD}.Release|Any CPU.Build.0 = Release|Any CPU
		{B91EB84C-AD66-422C-99AD-00EFFE872E4A}.Debug|Any CPU.ActiveCfg = Debug|Any CPU
		{B91EB84C-AD66-422C-99AD-00EFFE872E4A}.Debug|Any CPU.Build.0 = Debug|Any CPU
		{B91EB84C-AD66-422C-99AD-00EFFE872E4A}.Release|Any CPU.ActiveCfg = Release|Any CPU
		{B91EB84C-AD66-422C-99AD-00EFFE872E4A}.Release|Any CPU.Build.0 = Release|Any CPU
		{07179BBE-78B2-449D-BE72-C190A690ECE3}.Debug|Any CPU.ActiveCfg = Debug|Any CPU
		{07179BBE-78B2-449D-BE72-C190A690ECE3}.Debug|Any CPU.Build.0 = Debug|Any CPU
		{07179BBE-78B2-449D-BE72-C190A690ECE3}.Release|Any CPU.ActiveCfg = Release|Any CPU
		{07179BBE-78B2-449D-BE72-C190A690ECE3}.Release|Any CPU.Build.0 = Release|Any CPU
	EndGlobalSection
	GlobalSection(SolutionProperties) = preSolution
		HideSolutionNode = FALSE
	EndGlobalSection
	GlobalSection(ExtensibilityGlobals) = postSolution
		SolutionGuid = {F185E366-B115-4A23-B722-1F1830A725C4}
	EndGlobalSection
EndGlobal
