Microsoft Visual Studio Solution File, Format Version 12.00
# Visual Studio Version 17
VisualStudioVersion = 17.5.2.0
MinimumVisualStudioVersion = 10.0.40219.1
Project("{FAE04EC0-301F-11D3-BF4B-00C04F79EFBC}") = "HRMvc", "HRMvc.csproj", "{5EAA5251-4349-4BFD-CAE5-298933DC26D2}"
EndProject
Global
	GlobalSection(SolutionConfigurationPlatforms) = preSolution
		Debug|Any CPU = Debug|Any CPU
		Release|Any CPU = Release|Any CPU
	EndGlobalSection
	GlobalSection(ProjectConfigurationPlatforms) = postSolution
		{5EAA5251-4349-4BFD-CAE5-298933DC26D2}.Debug|Any CPU.ActiveCfg = Debug|Any CPU
		{5EAA5251-4349-4BFD-CAE5-298933DC26D2}.Debug|Any CPU.Build.0 = Debug|Any CPU
		{5EAA5251-4349-4BFD-CAE5-298933DC26D2}.Release|Any CPU.ActiveCfg = Release|Any CPU
		{5EAA5251-4349-4BFD-CAE5-298933DC26D2}.Release|Any CPU.Build.0 = Release|Any CPU
	EndGlobalSection
	GlobalSection(SolutionProperties) = preSolution
		HideSolutionNode = FALSE
	EndGlobalSection
	GlobalSection(ExtensibilityGlobals) = postSolution
		SolutionGuid = {EA24A4F5-189E-46EA-8AAC-45FEE38D32C0}
	EndGlobalSection
EndGlobal
